{
  "requires": true,
  "lockfileVersion": 1,
  "dependencies": {
    "haxeshim": {
      "version": "0.12.4",
      "resolved": "https://registry.npmjs.org/haxeshim/-/haxeshim-0.12.4.tgz",
      "integrity": "sha512-XeUpO8Cn1o4HrMP9PhRqLDseakyengcq/fV6E4ZQUkczQLPUHJA5buGIvRGi2Cruu4CmMUobtKUkrgBTuXhpHQ=="
    },
    "lix": {
      "version": "15.9.0",
      "resolved": "https://registry.npmjs.org/lix/-/lix-15.9.0.tgz",
      "integrity": "sha512-XyIVUZ9Mr3DNPXwbvKrAS3t1XeeBugbrva/YoMUQSJLrmCwVNlx1/ishj4bkZ/WdH1x0m1Smd767zwyr6wy/8g=="
    }
  }
}
